
Microsoft Visual Studio Solution File, Format Version 12.00
# Visual Studio Version 17
VisualStudioVersion = 17.12.35728.132
MinimumVisualStudioVersion = 10.0.40219.1
Project("{2150E333-8FDC-42A3-9474-1A3956D46DE8}") = "DataService", "DataService", "{48B0DECE-E51B-4356-814E-5B30CBF8F4F3}"
EndProject
Project("{2150E333-8FDC-42A3-9474-1A3956D46DE8}") = "IntegrationService", "IntegrationService", "{991F56E8-8A94-43FB-808F-B1C5BF598430}"
EndProject
Project("{2150E333-8FDC-42A3-9474-1A3956D46DE8}") = "NLPService", "NLPService", "{53F626C7-3C96-4E2B-873F-C65DE1919318}"
EndProject
Project("{2150E333-8FDC-42A3-9474-1A3956D46DE8}") = "src", "src", "{3509DA8E-FD7F-47D1-A9FA-450A443BB43E}"
EndProject
Project("{2150E333-8FDC-42A3-9474-1A3956D46DE8}") = "tests", "tests", "{A550D405-48E4-4075-B2FB-7296AA3E5F0E}"
EndProject
Project("{2150E333-8FDC-42A3-9474-1A3956D46DE8}") = "scripts", "scripts", "{387788CE-6D24-4F92-A7B5-6DA23B603F4D}"
EndProject
Project("{2150E333-8FDC-42A3-9474-1A3956D46DE8}") = "docs", "docs", "{B7684F41-7A76-49E8-A8A4-CD649105FB3C}"
EndProject
Project("{9A19103F-16F7-4668-BE54-9A1E7A4F7556}") = "DataService.API", "DataService.API\DataService.API.csproj", "{F85F67A2-2530-47DC-ACB8-EAF787C042FF}"
EndProject
Project("{9A19103F-16F7-4668-BE54-9A1E7A4F7556}") = "DataService.Core", "DataService.Core\DataService.Core.csproj", "{58F74615-3136-4539-861E-1637AEE62F01}"
EndProject
Project("{9A19103F-16F7-4668-BE54-9A1E7A4F7556}") = "IntegrationService.API", "IntegrationService.API\IntegrationService.API.csproj", "{08C449A9-FD2F-4CF7-A090-B9F68A3B295D}"
EndProject
Project("{9A19103F-16F7-4668-BE54-9A1E7A4F7556}") = "IntegrationService.Core", "IntegrationService.Core\IntegrationService.Core.csproj", "{B747EA95-05FF-4171-B0C4-6E2304A1516C}"
EndProject
Project("{2150E333-8FDC-42A3-9474-1A3956D46DE8}") = "Common", "Common", "{1B9DE4F5-4F70-47F0-95F8-6A095318DA4B}"
EndProject
Project("{FAE04EC0-301F-11D3-BF4B-00C04F79EFBC}") = "Common.DTOs", "Common.DTOs\Common.DTOs.csproj", "{6AE7C3EA-F809-4673-A1B0-3834F935D191}"
EndProject
Project("{2150E333-8FDC-42A3-9474-1A3956D46DE8}") = "AuthUserService", "AuthUserService", "{02EA681E-C7D8-13C7-8484-4AC65E1B71E8}"
EndProject
Project("{FAE04EC0-301F-11D3-BF4B-00C04F79EFBC}") = "AuthUserService.Api", "..\..\..\..\..\..\..\..\source\repos\JWT\AuthUserService.Api\AuthUserService.Api.csproj", "{8B6A2B9B-C243-DD94-FE61-414A8DDC6261}"
	ProjectSection(ProjectDependencies) = postProject
		{10D7B2E5-EB56-8761-885C-531600CF4065} = {10D7B2E5-EB56-8761-885C-531600CF4065}
	EndProjectSection
EndProject
Project("{FAE04EC0-301F-11D3-BF4B-00C04F79EFBC}") = "AuthUserService.Core", "..\..\..\..\..\..\..\..\source\repos\JWT\AuthUserService.Core\AuthUserService.Core.csproj", "{10D7B2E5-EB56-8761-885C-531600CF4065}"
EndProject
Global
	GlobalSection(SolutionConfigurationPlatforms) = preSolution
		Debug|Any CPU = Debug|Any CPU
		Release|Any CPU = Release|Any CPU
	EndGlobalSection
	GlobalSection(ProjectConfigurationPlatforms) = postSolution
		{F85F67A2-2530-47DC-ACB8-EAF787C042FF}.Debug|Any CPU.ActiveCfg = Debug|Any CPU
		{F85F67A2-2530-47DC-ACB8-EAF787C042FF}.Debug|Any CPU.Build.0 = Debug|Any CPU
		{F85F67A2-2530-47DC-ACB8-EAF787C042FF}.Release|Any CPU.ActiveCfg = Release|Any CPU
		{F85F67A2-2530-47DC-ACB8-EAF787C042FF}.Release|Any CPU.Build.0 = Release|Any CPU
		{58F74615-3136-4539-861E-1637AEE62F01}.Debug|Any CPU.ActiveCfg = Debug|Any CPU
		{58F74615-3136-4539-861E-1637AEE62F01}.Debug|Any CPU.Build.0 = Debug|Any CPU
		{58F74615-3136-4539-861E-1637AEE62F01}.Release|Any CPU.ActiveCfg = Release|Any CPU
		{58F74615-3136-4539-861E-1637AEE62F01}.Release|Any CPU.Build.0 = Release|Any CPU
		{08C449A9-FD2F-4CF7-A090-B9F68A3B295D}.Debug|Any CPU.ActiveCfg = Debug|Any CPU
		{08C449A9-FD2F-4CF7-A090-B9F68A3B295D}.Debug|Any CPU.Build.0 = Debug|Any CPU
		{08C449A9-FD2F-4CF7-A090-B9F68A3B295D}.Release|Any CPU.ActiveCfg = Release|Any CPU
		{08C449A9-FD2F-4CF7-A090-B9F68A3B295D}.Release|Any CPU.Build.0 = Release|Any CPU
		{B747EA95-05FF-4171-B0C4-6E2304A1516C}.Debug|Any CPU.ActiveCfg = Debug|Any CPU
		{B747EA95-05FF-4171-B0C4-6E2304A1516C}.Debug|Any CPU.Build.0 = Debug|Any CPU
		{B747EA95-05FF-4171-B0C4-6E2304A1516C}.Release|Any CPU.ActiveCfg = Release|Any CPU
		{B747EA95-05FF-4171-B0C4-6E2304A1516C}.Release|Any CPU.Build.0 = Release|Any CPU
		{6AE7C3EA-F809-4673-A1B0-3834F935D191}.Debug|Any CPU.ActiveCfg = Debug|Any CPU
		{6AE7C3EA-F809-4673-A1B0-3834F935D191}.Debug|Any CPU.Build.0 = Debug|Any CPU
		{6AE7C3EA-F809-4673-A1B0-3834F935D191}.Release|Any CPU.ActiveCfg = Release|Any CPU
		{6AE7C3EA-F809-4673-A1B0-3834F935D191}.Release|Any CPU.Build.0 = Release|Any CPU
		{8B6A2B9B-C243-DD94-FE61-414A8DDC6261}.Debug|Any CPU.ActiveCfg = Debug|Any CPU
		{8B6A2B9B-C243-DD94-FE61-414A8DDC6261}.Debug|Any CPU.Build.0 = Debug|Any CPU
		{8B6A2B9B-C243-DD94-FE61-414A8DDC6261}.Release|Any CPU.ActiveCfg = Release|Any CPU
		{8B6A2B9B-C243-DD94-FE61-414A8DDC6261}.Release|Any CPU.Build.0 = Release|Any CPU
		{10D7B2E5-EB56-8761-885C-531600CF4065}.Debug|Any CPU.ActiveCfg = Debug|Any CPU
		{10D7B2E5-EB56-8761-885C-531600CF4065}.Debug|Any CPU.Build.0 = Debug|Any CPU
		{10D7B2E5-EB56-8761-885C-531600CF4065}.Release|Any CPU.ActiveCfg = Release|Any CPU
		{10D7B2E5-EB56-8761-885C-531600CF4065}.Release|Any CPU.Build.0 = Release|Any CPU
	EndGlobalSection
	GlobalSection(SolutionProperties) = preSolution
		HideSolutionNode = FALSE
	EndGlobalSection
	GlobalSection(NestedProjects) = preSolution
		{48B0DECE-E51B-4356-814E-5B30CBF8F4F3} = {3509DA8E-FD7F-47D1-A9FA-450A443BB43E}
		{991F56E8-8A94-43FB-808F-B1C5BF598430} = {3509DA8E-FD7F-47D1-A9FA-450A443BB43E}
		{53F626C7-3C96-4E2B-873F-C65DE1919318} = {3509DA8E-FD7F-47D1-A9FA-450A443BB43E}
		{F85F67A2-2530-47DC-ACB8-EAF787C042FF} = {48B0DECE-E51B-4356-814E-5B30CBF8F4F3}
		{58F74615-3136-4539-861E-1637AEE62F01} = {48B0DECE-E51B-4356-814E-5B30CBF8F4F3}
		{08C449A9-FD2F-4CF7-A090-B9F68A3B295D} = {991F56E8-8A94-43FB-808F-B1C5BF598430}
		{B747EA95-05FF-4171-B0C4-6E2304A1516C} = {991F56E8-8A94-43FB-808F-B1C5BF598430}
		{1B9DE4F5-4F70-47F0-95F8-6A095318DA4B} = {3509DA8E-FD7F-47D1-A9FA-450A443BB43E}
		{6AE7C3EA-F809-4673-A1B0-3834F935D191} = {1B9DE4F5-4F70-47F0-95F8-6A095318DA4B}
		{02EA681E-C7D8-13C7-8484-4AC65E1B71E8} = {3509DA8E-FD7F-47D1-A9FA-450A443BB43E}
		{8B6A2B9B-C243-DD94-FE61-414A8DDC6261} = {02EA681E-C7D8-13C7-8484-4AC65E1B71E8}
		{10D7B2E5-EB56-8761-885C-531600CF4065} = {02EA681E-C7D8-13C7-8484-4AC65E1B71E8}
	EndGlobalSection
	GlobalSection(ExtensibilityGlobals) = postSolution
		SolutionGuid = {B7B5528B-214A-4295-B7BE-82B91CCCCF92}
	EndGlobalSection
EndGlobal
