
Microsoft Visual Studio Solution File, Format Version 12.00
# Visual Studio Version 17
VisualStudioVersion = 17.12.35728.132
MinimumVisualStudioVersion = 10.0.40219.1
Project("{2150E333-8FDC-42A3-9474-1A3956D46DE8}") = "DataService", "DataService", "{48B0DECE-E51B-4356-814E-5B30CBF8F4F3}"
EndProject
Project("{2150E333-8FDC-42A3-9474-1A3956D46DE8}") = "src", "src", "{3509DA8E-FD7F-47D1-A9FA-450A443BB43E}"
EndProject
Project("{2150E333-8FDC-42A3-9474-1A3956D46DE8}") = "tests", "tests", "{A550D405-48E4-4075-B2FB-7296AA3E5F0E}"
EndProject
Project("{2150E333-8FDC-42A3-9474-1A3956D46DE8}") = "scripts", "scripts", "{387788CE-6D24-4F92-A7B5-6DA23B603F4D}"
EndProject
Project("{2150E333-8FDC-42A3-9474-1A3956D46DE8}") = "docs", "docs", "{B7684F41-7A76-49E8-A8A4-CD649105FB3C}"
EndProject
Project("{9A19103F-16F7-4668-BE54-9A1E7A4F7556}") = "DataService.API", "DataService.API\DataService.API.csproj", "{F85F67A2-2530-47DC-ACB8-EAF787C042FF}"
EndProject
Project("{9A19103F-16F7-4668-BE54-9A1E7A4F7556}") = "DataService.Core", "DataService.Core\DataService.Core.csproj", "{58F74615-3136-4539-861E-1637AEE62F01}"
EndProject
Project("{2150E333-8FDC-42A3-9474-1A3956D46DE8}") = "AuthUserService", "AuthUserService", "{02EA681E-C7D8-13C7-8484-4AC65E1B71E8}"
EndProject
Project("{FAE04EC0-301F-11D3-BF4B-00C04F79EFBC}") = "AuthUserService.Api", "AuthUserService.Api\AuthUserService.Api.csproj", "{5A93BB7C-5895-F84B-A342-CE0CA8091BB9}"
EndProject
Project("{FAE04EC0-301F-11D3-BF4B-00C04F79EFBC}") = "AuthUserService.Core", "AuthUserService.Core\AuthUserService.Core.csproj", "{B1E1CF97-FAD4-7C47-5ACF-B4C322AA70DB}"
EndProject
Global
	GlobalSection(SolutionConfigurationPlatforms) = preSolution
		Debug|Any CPU = Debug|Any CPU
		Release|Any CPU = Release|Any CPU
	EndGlobalSection
	GlobalSection(ProjectConfigurationPlatforms) = postSolution
		{F85F67A2-2530-47DC-ACB8-EAF787C042FF}.Debug|Any CPU.ActiveCfg = Debug|Any CPU
		{F85F67A2-2530-47DC-ACB8-EAF787C042FF}.Debug|Any CPU.Build.0 = Debug|Any CPU
		{F85F67A2-2530-47DC-ACB8-EAF787C042FF}.Release|Any CPU.ActiveCfg = Release|Any CPU
		{F85F67A2-2530-47DC-ACB8-EAF787C042FF}.Release|Any CPU.Build.0 = Release|Any CPU
		{58F74615-3136-4539-861E-1637AEE62F01}.Debug|Any CPU.ActiveCfg = Debug|Any CPU
		{58F74615-3136-4539-861E-1637AEE62F01}.Debug|Any CPU.Build.0 = Debug|Any CPU
		{58F74615-3136-4539-861E-1637AEE62F01}.Release|Any CPU.ActiveCfg = Release|Any CPU
		{58F74615-3136-4539-861E-1637AEE62F01}.Release|Any CPU.Build.0 = Release|Any CPU
		{5A93BB7C-5895-F84B-A342-CE0CA8091BB9}.Debug|Any CPU.ActiveCfg = Debug|Any CPU
		{5A93BB7C-5895-F84B-A342-CE0CA8091BB9}.Debug|Any CPU.Build.0 = Debug|Any CPU
		{5A93BB7C-5895-F84B-A342-CE0CA8091BB9}.Release|Any CPU.ActiveCfg = Release|Any CPU
		{5A93BB7C-5895-F84B-A342-CE0CA8091BB9}.Release|Any CPU.Build.0 = Release|Any CPU
		{B1E1CF97-FAD4-7C47-5ACF-B4C322AA70DB}.Debug|Any CPU.ActiveCfg = Debug|Any CPU
		{B1E1CF97-FAD4-7C47-5ACF-B4C322AA70DB}.Debug|Any CPU.Build.0 = Debug|Any CPU
		{B1E1CF97-FAD4-7C47-5ACF-B4C322AA70DB}.Release|Any CPU.ActiveCfg = Release|Any CPU
		{B1E1CF97-FAD4-7C47-5ACF-B4C322AA70DB}.Release|Any CPU.Build.0 = Release|Any CPU
	EndGlobalSection
	GlobalSection(SolutionProperties) = preSolution
		HideSolutionNode = FALSE
	EndGlobalSection
	GlobalSection(NestedProjects) = preSolution
		{48B0DECE-E51B-4356-814E-5B30CBF8F4F3} = {3509DA8E-FD7F-47D1-A9FA-450A443BB43E}
		{F85F67A2-2530-47DC-ACB8-EAF787C042FF} = {48B0DECE-E51B-4356-814E-5B30CBF8F4F3}
		{58F74615-3136-4539-861E-1637AEE62F01} = {48B0DECE-E51B-4356-814E-5B30CBF8F4F3}
		{02EA681E-C7D8-13C7-8484-4AC65E1B71E8} = {3509DA8E-FD7F-47D1-A9FA-450A443BB43E}
		{5A93BB7C-5895-F84B-A342-CE0CA8091BB9} = {02EA681E-C7D8-13C7-8484-4AC65E1B71E8}
		{B1E1CF97-FAD4-7C47-5ACF-B4C322AA70DB} = {02EA681E-C7D8-13C7-8484-4AC65E1B71E8}
	EndGlobalSection
	GlobalSection(ExtensibilityGlobals) = postSolution
		SolutionGuid = {B7B5528B-214A-4295-B7BE-82B91CCCCF92}
	EndGlobalSection
EndGlobal
